PODS:
  - CDKSwiftOracc (0.7.8)

DEPENDENCIES:
  - CDKSwiftOracc

SPEC REPOS:
  https://github.com/cocoapods/specs.git:
    - CDKSwiftOracc

SPEC CHECKSUMS:
  CDKSwiftOracc: 83cfde5b49b98acf8817739de9202ecaf63c531c

PODFILE CHECKSUM: d32a00d548e978d791f90d2c7a31d56f13981804

COCOAPODS: 1.7.0.beta.1
