// !$*UTF8*$!
{
	archiveVersion = 1;
	classes = {
	};
	objectVersion = 48;
	objects = {

/* Begin PBXBuildFile section */
		4C532F00E6E8C594C644177C /* Pods_Tupshar.framework in Frameworks */ = {isa = PBXBuildFile; fileRef = F2EA605869B03FD1B64AA750 /* Pods_Tupshar.framework */; };
		540382BB22156A34003A9881 /* DocumentExports.swift in Sources */ = {isa = PBXBuildFile; fileRef = 540382BA22156A34003A9881 /* DocumentExports.swift */; };
		5403E9512068D21100EF18CA /* OCDLView.swift in Sources */ = {isa = PBXBuildFile; fileRef = 5403E9502068D21100EF18CA /* OCDLView.swift */; };
		5403E9562068E34200EF18CA /* CuneiformNA.ttf in CopyFiles */ = {isa = PBXBuildFile; fileRef = 5403E9542068E30A00EF18CA /* CuneiformNA.ttf */; settings = {ATTRIBUTES = (CodeSignOnCopy, ); }; };
		540DD381206A0C4C009E2834 /* EditorViewController.swift in Sources */ = {isa = PBXBuildFile; fileRef = 540DD380206A0C4C009E2834 /* EditorViewController.swift */; };
		540F0F00221999D100439C6C /* NotificationNames.swift in Sources */ = {isa = PBXBuildFile; fileRef = 540F0EFF221999D100439C6C /* NotificationNames.swift */; };
		540F0F02221999E300439C6C /* Dictionary+Flattened.swift in Sources */ = {isa = PBXBuildFile; fileRef = 540F0F01221999E300439C6C /* Dictionary+Flattened.swift */; };
		540F0F0422199A5400439C6C /* Document+NodeStoring.swift in Sources */ = {isa = PBXBuildFile; fileRef = 540F0F0322199A5400439C6C /* Document+NodeStoring.swift */; };
		540F0F0C2219A33900439C6C /* NodeStoreTests.swift in Sources */ = {isa = PBXBuildFile; fileRef = 540F0F0B2219A33900439C6C /* NodeStoreTests.swift */; };
		544D3D282211B30E0018DE52 /* Advanced.storyboard in Resources */ = {isa = PBXBuildFile; fileRef = 544D3D272211B30E0018DE52 /* Advanced.storyboard */; };
		544D3D2A2211B3C50018DE52 /* RawCDLViewController.swift in Sources */ = {isa = PBXBuildFile; fileRef = 544D3D292211B3C50018DE52 /* RawCDLViewController.swift */; };
		546404412208AEB7007207E6 /* OraccCDLNode+ExtractLemma.swift in Sources */ = {isa = PBXBuildFile; fileRef = 546404402208AEB7007207E6 /* OraccCDLNode+ExtractLemma.swift */; };
		5472DDAC220C1CFC00C7333F /* ExportedText.swift in Sources */ = {isa = PBXBuildFile; fileRef = 5472DDAB220C1CFC00C7333F /* ExportedText.swift */; };
		5472DDAE220C1EAA00C7333F /* TupsharFile.swift in Sources */ = {isa = PBXBuildFile; fileRef = 5472DDAD220C1EAA00C7333F /* TupsharFile.swift */; };
		5472DDB0220C1FC700C7333F /* DocumentError.swift in Sources */ = {isa = PBXBuildFile; fileRef = 5472DDAF220C1FC700C7333F /* DocumentError.swift */; };
		549F1DFA220A174900B93E02 /* InfoViewController.swift in Sources */ = {isa = PBXBuildFile; fileRef = 549F1DF9220A174900B93E02 /* InfoViewController.swift */; };
		54AA082821A093D3002B43DF /* Credits.rtf in Resources */ = {isa = PBXBuildFile; fileRef = 54AA082721A093D3002B43DF /* Credits.rtf */; };
		54BF1CF2220DCC1C004D890C /* String+ReplaceATF.swift in Sources */ = {isa = PBXBuildFile; fileRef = 54BF1CF1220DCC1C004D890C /* String+ReplaceATF.swift */; };
		54C1B45C221865320067DAE7 /* NodeStoring.swift in Sources */ = {isa = PBXBuildFile; fileRef = 54C1B45B221865320067DAE7 /* NodeStoring.swift */; };
		54C1B45E221866AC0067DAE7 /* NodeStore.swift in Sources */ = {isa = PBXBuildFile; fileRef = 54C1B45D221866AC0067DAE7 /* NodeStore.swift */; };
		54C1B46022186ED90067DAE7 /* Cursor.swift in Sources */ = {isa = PBXBuildFile; fileRef = 54C1B45F22186ED90067DAE7 /* Cursor.swift */; };
		54CB5D7A2206147500CCCE0F /* NSViewControllerExtensions.swift in Sources */ = {isa = PBXBuildFile; fileRef = 54CB5D792206147500CCCE0F /* NSViewControllerExtensions.swift */; };
		54D81F582068F165002B4C5A /* docicon.png in Resources */ = {isa = PBXBuildFile; fileRef = 54D81F512068EF62002B4C5A /* docicon.png */; };
		54F54EBF20681AE000454079 /* AppDelegate.swift in Sources */ = {isa = PBXBuildFile; fileRef = 54F54EBE20681AE000454079 /* AppDelegate.swift */; };
		54F54EC120681AE000454079 /* TextViewController.swift in Sources */ = {isa = PBXBuildFile; fileRef = 54F54EC020681AE000454079 /* TextViewController.swift */; };
		54F54EC320681AE000454079 /* Document.swift in Sources */ = {isa = PBXBuildFile; fileRef = 54F54EC220681AE000454079 /* Document.swift */; };
		54F54EC520681AE000454079 /* Assets.xcassets in Resources */ = {isa = PBXBuildFile; fileRef = 54F54EC420681AE000454079 /* Assets.xcassets */; };
		54F54EC820681AE000454079 /* Main.storyboard in Resources */ = {isa = PBXBuildFile; fileRef = 54F54EC620681AE000454079 /* Main.storyboard */; };
		54FFE526222176F00077BC85 /* ogsl.json in Resources */ = {isa = PBXBuildFile; fileRef = 54FFE525222176F00077BC85 /* ogsl.json */; };
		8B355D58E19A3EE564EC6758 /* Pods_Tupshar_TupsharTests.framework in Frameworks */ = {isa = PBXBuildFile; fileRef = 8F4E9894C45B22C005944603 /* Pods_Tupshar_TupsharTests.framework */; };
/* End PBXBuildFile section */

/* Begin PBXContainerItemProxy section */
		540F0F0E2219A33A00439C6C /* PBXContainerItemProxy */ = {
			isa = PBXContainerItemProxy;
			containerPortal = 54F54EB320681AE000454079 /* Project object */;
			proxyType = 1;
			remoteGlobalIDString = 54F54EBA20681AE000454079;
			remoteInfo = Tupshar;
		};
/* End PBXContainerItemProxy section */

/* Begin PBXCopyFilesBuildPhase section */
		5403E9552068E33100EF18CA /* CopyFiles */ = {
			isa = PBXCopyFilesBuildPhase;
			buildActionMask = 2147483647;
			dstPath = fonts;
			dstSubfolderSpec = 7;
			files = (
				5403E9562068E34200EF18CA /* CuneiformNA.ttf in CopyFiles */,
			);
			runOnlyForDeploymentPostprocessing = 0;
		};
		54F54ED620681B1300454079 /* Embed Frameworks */ = {
			isa = PBXCopyFilesBuildPhase;
			buildActionMask = 2147483647;
			dstPath = "";
			dstSubfolderSpec = 10;
			files = (
			);
			name = "Embed Frameworks";
			runOnlyForDeploymentPostprocessing = 0;
		};
/* End PBXCopyFilesBuildPhase section */

/* Begin PBXFileReference section */
		191892A7753212F2E210AF17 /* Pods-Tupshar-TupsharTests.release.xcconfig */ = {isa = PBXFileReference; includeInIndex = 1; lastKnownFileType = text.xcconfig; name = "Pods-Tupshar-TupsharTests.release.xcconfig"; path = "Pods/Target Support Files/Pods-Tupshar-TupsharTests/Pods-Tupshar-TupsharTests.release.xcconfig"; sourceTree = "<group>"; };
		540382BA22156A34003A9881 /* DocumentExports.swift */ = {isa = PBXFileReference; lastKnownFileType = sourcecode.swift; path = DocumentExports.swift; sourceTree = "<group>"; };
		5403E9502068D21100EF18CA /* OCDLView.swift */ = {isa = PBXFileReference; lastKnownFileType = sourcecode.swift; path = OCDLView.swift; sourceTree = "<group>"; };
		5403E9542068E30A00EF18CA /* CuneiformNA.ttf */ = {isa = PBXFileReference; lastKnownFileType = file; path = CuneiformNA.ttf; sourceTree = "<group>"; };
		540DD380206A0C4C009E2834 /* EditorViewController.swift */ = {isa = PBXFileReference; lastKnownFileType = sourcecode.swift; path = EditorViewController.swift; sourceTree = "<group>"; };
		540F0EFF221999D100439C6C /* NotificationNames.swift */ = {isa = PBXFileReference; lastKnownFileType = sourcecode.swift; path = NotificationNames.swift; sourceTree = "<group>"; };
		540F0F01221999E300439C6C /* Dictionary+Flattened.swift */ = {isa = PBXFileReference; lastKnownFileType = sourcecode.swift; path = "Dictionary+Flattened.swift"; sourceTree = "<group>"; };
		540F0F0322199A5400439C6C /* Document+NodeStoring.swift */ = {isa = PBXFileReference; lastKnownFileType = sourcecode.swift; path = "Document+NodeStoring.swift"; sourceTree = "<group>"; };
		540F0F092219A33900439C6C /* TupsharTests.xctest */ = {isa = PBXFileReference; explicitFileType = wrapper.cfbundle; includeInIndex = 0; path = TupsharTests.xctest; sourceTree = BUILT_PRODUCTS_DIR; };
		540F0F0B2219A33900439C6C /* NodeStoreTests.swift */ = {isa = PBXFileReference; lastKnownFileType = sourcecode.swift; path = NodeStoreTests.swift; sourceTree = "<group>"; };
		540F0F0D2219A33900439C6C /* Info.plist */ = {isa = PBXFileReference; lastKnownFileType = text.plist.xml; path = Info.plist; sourceTree = "<group>"; };
		544D3D272211B30E0018DE52 /* Advanced.storyboard */ = {isa = PBXFileReference; lastKnownFileType = file.storyboard; path = Advanced.storyboard; sourceTree = "<group>"; };
		544D3D292211B3C50018DE52 /* RawCDLViewController.swift */ = {isa = PBXFileReference; lastKnownFileType = sourcecode.swift; path = RawCDLViewController.swift; sourceTree = "<group>"; };
		546404402208AEB7007207E6 /* OraccCDLNode+ExtractLemma.swift */ = {isa = PBXFileReference; lastKnownFileType = sourcecode.swift; path = "OraccCDLNode+ExtractLemma.swift"; sourceTree = "<group>"; };
		5472DDAB220C1CFC00C7333F /* ExportedText.swift */ = {isa = PBXFileReference; lastKnownFileType = sourcecode.swift; path = ExportedText.swift; sourceTree = "<group>"; };
		5472DDAD220C1EAA00C7333F /* TupsharFile.swift */ = {isa = PBXFileReference; lastKnownFileType = sourcecode.swift; path = TupsharFile.swift; sourceTree = "<group>"; };
		5472DDAF220C1FC700C7333F /* DocumentError.swift */ = {isa = PBXFileReference; lastKnownFileType = sourcecode.swift; path = DocumentError.swift; sourceTree = "<group>"; };
		549F1DF9220A174900B93E02 /* InfoViewController.swift */ = {isa = PBXFileReference; lastKnownFileType = sourcecode.swift; path = InfoViewController.swift; sourceTree = "<group>"; };
		54AA082721A093D3002B43DF /* Credits.rtf */ = {isa = PBXFileReference; lastKnownFileType = text.rtf; path = Credits.rtf; sourceTree = "<group>"; };
		54BF1CF1220DCC1C004D890C /* String+ReplaceATF.swift */ = {isa = PBXFileReference; lastKnownFileType = sourcecode.swift; path = "String+ReplaceATF.swift"; sourceTree = "<group>"; };
		54C1B45B221865320067DAE7 /* NodeStoring.swift */ = {isa = PBXFileReference; lastKnownFileType = sourcecode.swift; path = NodeStoring.swift; sourceTree = "<group>"; };
		54C1B45D221866AC0067DAE7 /* NodeStore.swift */ = {isa = PBXFileReference; lastKnownFileType = sourcecode.swift; path = NodeStore.swift; sourceTree = "<group>"; };
		54C1B45F22186ED90067DAE7 /* Cursor.swift */ = {isa = PBXFileReference; lastKnownFileType = sourcecode.swift; path = Cursor.swift; sourceTree = "<group>"; };
		54CB5D792206147500CCCE0F /* NSViewControllerExtensions.swift */ = {isa = PBXFileReference; lastKnownFileType = sourcecode.swift; path = NSViewControllerExtensions.swift; sourceTree = "<group>"; };
		54D81F512068EF62002B4C5A /* docicon.png */ = {isa = PBXFileReference; lastKnownFileType = image.png; path = docicon.png; sourceTree = "<group>"; };
		54F54EBB20681AE000454079 /* Tupshar.app */ = {isa = PBXFileReference; explicitFileType = wrapper.application; includeInIndex = 0; path = Tupshar.app; sourceTree = BUILT_PRODUCTS_DIR; };
		54F54EBE20681AE000454079 /* AppDelegate.swift */ = {isa = PBXFileReference; lastKnownFileType = sourcecode.swift; path = AppDelegate.swift; sourceTree = "<group>"; };
		54F54EC020681AE000454079 /* TextViewController.swift */ = {isa = PBXFileReference; lastKnownFileType = sourcecode.swift; path = TextViewController.swift; sourceTree = "<group>"; };
		54F54EC220681AE000454079 /* Document.swift */ = {isa = PBXFileReference; lastKnownFileType = sourcecode.swift; path = Document.swift; sourceTree = "<group>"; };
		54F54EC420681AE000454079 /* Assets.xcassets */ = {isa = PBXFileReference; lastKnownFileType = folder.assetcatalog; path = Assets.xcassets; sourceTree = "<group>"; };
		54F54EC720681AE000454079 /* Base */ = {isa = PBXFileReference; lastKnownFileType = file.storyboard; name = Base; path = Base.lproj/Main.storyboard; sourceTree = "<group>"; };
		54F54EC920681AE000454079 /* Info.plist */ = {isa = PBXFileReference; lastKnownFileType = text.plist.xml; path = Info.plist; sourceTree = "<group>"; };
		54F54ECA20681AE000454079 /* Tupshar.entitlements */ = {isa = PBXFileReference; lastKnownFileType = text.plist.entitlements; path = Tupshar.entitlements; sourceTree = "<group>"; };
		54FFE525222176F00077BC85 /* ogsl.json */ = {isa = PBXFileReference; fileEncoding = 4; lastKnownFileType = text.json; path = ogsl.json; sourceTree = "<group>"; };
		8F4E9894C45B22C005944603 /* Pods_Tupshar_TupsharTests.framework */ = {isa = PBXFileReference; explicitFileType = wrapper.framework; includeInIndex = 0; path = Pods_Tupshar_TupsharTests.framework; sourceTree = BUILT_PRODUCTS_DIR; };
		901C19168E8AE9287D47F9D3 /* Pods-Tupshar.debug.xcconfig */ = {isa = PBXFileReference; includeInIndex = 1; lastKnownFileType = text.xcconfig; name = "Pods-Tupshar.debug.xcconfig"; path = "Pods/Target Support Files/Pods-Tupshar/Pods-Tupshar.debug.xcconfig"; sourceTree = "<group>"; };
		B9720B62F5706FEFFC33CFAE /* Pods-Tupshar-TupsharTests.debug.xcconfig */ = {isa = PBXFileReference; includeInIndex = 1; lastKnownFileType = text.xcconfig; name = "Pods-Tupshar-TupsharTests.debug.xcconfig"; path = "Pods/Target Support Files/Pods-Tupshar-TupsharTests/Pods-Tupshar-TupsharTests.debug.xcconfig"; sourceTree = "<group>"; };
		C8B0BBE13B96977857F8CBB6 /* Pods-Tupshar.release.xcconfig */ = {isa = PBXFileReference; includeInIndex = 1; lastKnownFileType = text.xcconfig; name = "Pods-Tupshar.release.xcconfig"; path = "Pods/Target Support Files/Pods-Tupshar/Pods-Tupshar.release.xcconfig"; sourceTree = "<group>"; };
		F2EA605869B03FD1B64AA750 /* Pods_Tupshar.framework */ = {isa = PBXFileReference; explicitFileType = wrapper.framework; includeInIndex = 0; path = Pods_Tupshar.framework; sourceTree = BUILT_PRODUCTS_DIR; };
/* End PBXFileReference section */

/* Begin PBXFrameworksBuildPhase section */
		540F0F062219A33900439C6C /* Frameworks */ = {
			isa = PBXFrameworksBuildPhase;
			buildActionMask = 2147483647;
			files = (
				8B355D58E19A3EE564EC6758 /* Pods_Tupshar_TupsharTests.framework in Frameworks */,
			);
			runOnlyForDeploymentPostprocessing = 0;
		};
		54F54EB820681AE000454079 /* Frameworks */ = {
			isa = PBXFrameworksBuildPhase;
			buildActionMask = 2147483647;
			files = (
				4C532F00E6E8C594C644177C /* Pods_Tupshar.framework in Frameworks */,
			);
			runOnlyForDeploymentPostprocessing = 0;
		};
/* End PBXFrameworksBuildPhase section */

/* Begin PBXGroup section */
		540F0EFE221999AC00439C6C /* Extensions */ = {
			isa = PBXGroup;
			children = (
				54BF1CF1220DCC1C004D890C /* String+ReplaceATF.swift */,
				540F0F01221999E300439C6C /* Dictionary+Flattened.swift */,
				546404402208AEB7007207E6 /* OraccCDLNode+ExtractLemma.swift */,
				540F0EFF221999D100439C6C /* NotificationNames.swift */,
			);
			path = Extensions;
			sourceTree = "<group>";
		};
		540F0F0A2219A33900439C6C /* TupsharTests */ = {
			isa = PBXGroup;
			children = (
				540F0F0B2219A33900439C6C /* NodeStoreTests.swift */,
				540F0F0D2219A33900439C6C /* Info.plist */,
			);
			path = TupsharTests;
			sourceTree = "<group>";
		};
		5472DDAA220C1CDB00C7333F /* Document */ = {
			isa = PBXGroup;
			children = (
				54F54EC220681AE000454079 /* Document.swift */,
				540F0F0322199A5400439C6C /* Document+NodeStoring.swift */,
				540382BA22156A34003A9881 /* DocumentExports.swift */,
				5472DDAB220C1CFC00C7333F /* ExportedText.swift */,
				5472DDAF220C1FC700C7333F /* DocumentError.swift */,
				5472DDAD220C1EAA00C7333F /* TupsharFile.swift */,
			);
			path = Document;
			sourceTree = "<group>";
		};
		54C1B45A2218652B0067DAE7 /* NodeStore */ = {
			isa = PBXGroup;
			children = (
				54C1B45B221865320067DAE7 /* NodeStoring.swift */,
				54C1B45F22186ED90067DAE7 /* Cursor.swift */,
				54C1B45D221866AC0067DAE7 /* NodeStore.swift */,
			);
			path = NodeStore;
			sourceTree = "<group>";
		};
		54D81F552068F0DF002B4C5A /* Resources */ = {
			isa = PBXGroup;
			children = (
				5403E9542068E30A00EF18CA /* CuneiformNA.ttf */,
				54D81F512068EF62002B4C5A /* docicon.png */,
				54FFE525222176F00077BC85 /* ogsl.json */,
			);
			path = Resources;
			sourceTree = "<group>";
		};
		54F54EB220681AE000454079 = {
			isa = PBXGroup;
			children = (
				54D81F552068F0DF002B4C5A /* Resources */,
				54F54EBD20681AE000454079 /* Tupshar */,
				540F0F0A2219A33900439C6C /* TupsharTests */,
				54F54EBC20681AE000454079 /* Products */,
				DDEAE70DB778DF16FA2DEE3B /* Pods */,
				D544281B7BA2A53B18E1292A /* Frameworks */,
			);
			sourceTree = "<group>";
		};
		54F54EBC20681AE000454079 /* Products */ = {
			isa = PBXGroup;
			children = (
				54F54EBB20681AE000454079 /* Tupshar.app */,
				540F0F092219A33900439C6C /* TupsharTests.xctest */,
			);
			name = Products;
			sourceTree = "<group>";
		};
		54F54EBD20681AE000454079 /* Tupshar */ = {
			isa = PBXGroup;
			children = (
				540F0EFE221999AC00439C6C /* Extensions */,
				54C1B45A2218652B0067DAE7 /* NodeStore */,
				5472DDAA220C1CDB00C7333F /* Document */,
				54F54EBE20681AE000454079 /* AppDelegate.swift */,
				54F54EC020681AE000454079 /* TextViewController.swift */,
				5403E9502068D21100EF18CA /* OCDLView.swift */,
				540DD380206A0C4C009E2834 /* EditorViewController.swift */,
				549F1DF9220A174900B93E02 /* InfoViewController.swift */,
				54CB5D792206147500CCCE0F /* NSViewControllerExtensions.swift */,
				54F54EC420681AE000454079 /* Assets.xcassets */,
				54F54EC620681AE000454079 /* Main.storyboard */,
				544D3D272211B30E0018DE52 /* Advanced.storyboard */,
				544D3D292211B3C50018DE52 /* RawCDLViewController.swift */,
				54F54EC920681AE000454079 /* Info.plist */,
				54F54ECA20681AE000454079 /* Tupshar.entitlements */,
				54AA082721A093D3002B43DF /* Credits.rtf */,
			);
			path = Tupshar;
			sourceTree = "<group>";
		};
		D544281B7BA2A53B18E1292A /* Frameworks */ = {
			isa = PBXGroup;
			children = (
				F2EA605869B03FD1B64AA750 /* Pods_Tupshar.framework */,
				8F4E9894C45B22C005944603 /* Pods_Tupshar_TupsharTests.framework */,
			);
			name = Frameworks;
			sourceTree = "<group>";
		};
		DDEAE70DB778DF16FA2DEE3B /* Pods */ = {
			isa = PBXGroup;
			children = (
				901C19168E8AE9287D47F9D3 /* Pods-Tupshar.debug.xcconfig */,
				C8B0BBE13B96977857F8CBB6 /* Pods-Tupshar.release.xcconfig */,
				B9720B62F5706FEFFC33CFAE /* Pods-Tupshar-TupsharTests.debug.xcconfig */,
				191892A7753212F2E210AF17 /* Pods-Tupshar-TupsharTests.release.xcconfig */,
			);
			name = Pods;
			sourceTree = "<group>";
		};
/* End PBXGroup section */

/* Begin PBXNativeTarget section */
		540F0F082219A33900439C6C /* TupsharTests */ = {
			isa = PBXNativeTarget;
			buildConfigurationList = 540F0F102219A33A00439C6C /* Build configuration list for PBXNativeTarget "TupsharTests" */;
			buildPhases = (
				7EFC2E298A48C28534941E51 /* [CP] Check Pods Manifest.lock */,
				540F0F052219A33900439C6C /* Sources */,
				540F0F062219A33900439C6C /* Frameworks */,
				540F0F072219A33900439C6C /* Resources */,
				E3EBD6CE740C9ACCA658D478 /* [CP] Embed Pods Frameworks */,
			);
			buildRules = (
			);
			dependencies = (
				540F0F0F2219A33A00439C6C /* PBXTargetDependency */,
			);
			name = TupsharTests;
			productName = TupsharTests;
			productReference = 540F0F092219A33900439C6C /* TupsharTests.xctest */;
			productType = "com.apple.product-type.bundle.unit-test";
		};
		54F54EBA20681AE000454079 /* Tupshar */ = {
			isa = PBXNativeTarget;
			buildConfigurationList = 54F54ECD20681AE000454079 /* Build configuration list for PBXNativeTarget "Tupshar" */;
			buildPhases = (
				BB597CDD042E994CAF7D3178 /* [CP] Check Pods Manifest.lock */,
				54F54EB720681AE000454079 /* Sources */,
				54F54EB820681AE000454079 /* Frameworks */,
				5403E9552068E33100EF18CA /* CopyFiles */,
				54F54EB920681AE000454079 /* Resources */,
				54F54ED620681B1300454079 /* Embed Frameworks */,
				AA43119E335B07869004EC51 /* [CP] Embed Pods Frameworks */,
			);
			buildRules = (
			);
			dependencies = (
			);
			name = Tupshar;
			productName = Tupshar;
			productReference = 54F54EBB20681AE000454079 /* Tupshar.app */;
			productType = "com.apple.product-type.application";
		};
/* End PBXNativeTarget section */

/* Begin PBXProject section */
		54F54EB320681AE000454079 /* Project object */ = {
			isa = PBXProject;
			attributes = {
				LastSwiftUpdateCheck = 1010;
				LastUpgradeCheck = 0930;
				ORGANIZATIONNAME = "Chaitanya Kanchan";
				TargetAttributes = {
					540F0F082219A33900439C6C = {
						CreatedOnToolsVersion = 10.1;
						ProvisioningStyle = Automatic;
						TestTargetID = 54F54EBA20681AE000454079;
					};
					54F54EBA20681AE000454079 = {
						CreatedOnToolsVersion = 9.2;
						LastSwiftMigration = 1000;
						ProvisioningStyle = Automatic;
						SystemCapabilities = {
							com.apple.GameCenter.Mac = {
								enabled = 0;
							};
							com.apple.HardenedRuntime = {
								enabled = 1;
							};
							com.apple.Sandbox = {
								enabled = 1;
							};
						};
					};
				};
			};
			buildConfigurationList = 54F54EB620681AE000454079 /* Build configuration list for PBXProject "Tupshar" */;
			compatibilityVersion = "Xcode 8.0";
			developmentRegion = en;
			hasScannedForEncodings = 0;
			knownRegions = (
				en,
				Base,
			);
			mainGroup = 54F54EB220681AE000454079;
			productRefGroup = 54F54EBC20681AE000454079 /* Products */;
			projectDirPath = "";
			projectRoot = "";
			targets = (
				54F54EBA20681AE000454079 /* Tupshar */,
				540F0F082219A33900439C6C /* TupsharTests */,
			);
		};
/* End PBXProject section */

/* Begin PBXResourcesBuildPhase section */
		540F0F072219A33900439C6C /* Resources */ = {
			isa = PBXResourcesBuildPhase;
			buildActionMask = 2147483647;
			files = (
			);
			runOnlyForDeploymentPostprocessing = 0;
		};
		54F54EB920681AE000454079 /* Resources */ = {
			isa = PBXResourcesBuildPhase;
			buildActionMask = 2147483647;
			files = (
				54AA082821A093D3002B43DF /* Credits.rtf in Resources */,
				54F54EC520681AE000454079 /* Assets.xcassets in Resources */,
				544D3D282211B30E0018DE52 /* Advanced.storyboard in Resources */,
				54F54EC820681AE000454079 /* Main.storyboard in Resources */,
				54FFE526222176F00077BC85 /* ogsl.json in Resources */,
				54D81F582068F165002B4C5A /* docicon.png in Resources */,
			);
			runOnlyForDeploymentPostprocessing = 0;
		};
/* End PBXResourcesBuildPhase section */

/* Begin PBXShellScriptBuildPhase section */
		7EFC2E298A48C28534941E51 /* [CP] Check Pods Manifest.lock */ = {
			isa = PBXShellScriptBuildPhase;
			buildActionMask = 2147483647;
			files = (
			);
			inputFileListPaths = (
			);
			inputPaths = (
				"${PODS_PODFILE_DIR_PATH}/Podfile.lock",
				"${PODS_ROOT}/Manifest.lock",
			);
			name = "[CP] Check Pods Manifest.lock";
			outputFileListPaths = (
			);
			outputPaths = (
				"$(DERIVED_FILE_DIR)/Pods-Tupshar-TupsharTests-checkManifestLockResult.txt",
			);
			runOnlyForDeploymentPostprocessing = 0;
			shellPath = /bin/sh;
			shellScript = "diff \"${PODS_PODFILE_DIR_PATH}/Podfile.lock\" \"${PODS_ROOT}/Manifest.lock\" > /dev/null\nif [ $? != 0 ] ; then\n    # print error to STDERR\n    echo \"error: The sandbox is not in sync with the Podfile.lock. Run 'pod install' or update your CocoaPods installation.\" >&2\n    exit 1\nfi\n# This output is used by Xcode 'outputs' to avoid re-running this script phase.\necho \"SUCCESS\" > \"${SCRIPT_OUTPUT_FILE_0}\"\n";
			showEnvVarsInLog = 0;
		};
		AA43119E335B07869004EC51 /* [CP] Embed Pods Frameworks */ = {
			isa = PBXShellScriptBuildPhase;
			buildActionMask = 2147483647;
			files = (
			);
			inputPaths = (
				"${PODS_ROOT}/Target Support Files/Pods-Tupshar/Pods-Tupshar-frameworks.sh",
				"${BUILT_PRODUCTS_DIR}/CDKSwiftOracc/CDKSwiftOracc.framework",
			);
			name = "[CP] Embed Pods Frameworks";
			outputPaths = (
				"${TARGET_BUILD_DIR}/${FRAMEWORKS_FOLDER_PATH}/CDKSwiftOracc.framework",
			);
			runOnlyForDeploymentPostprocessing = 0;
			shellPath = /bin/sh;
			shellScript = "\"${PODS_ROOT}/Target Support Files/Pods-Tupshar/Pods-Tupshar-frameworks.sh\"\n";
			showEnvVarsInLog = 0;
		};
		BB597CDD042E994CAF7D3178 /* [CP] Check Pods Manifest.lock */ = {
			isa = PBXShellScriptBuildPhase;
			buildActionMask = 2147483647;
			files = (
			);
			inputPaths = (
				"${PODS_PODFILE_DIR_PATH}/Podfile.lock",
				"${PODS_ROOT}/Manifest.lock",
			);
			name = "[CP] Check Pods Manifest.lock";
			outputPaths = (
				"$(DERIVED_FILE_DIR)/Pods-Tupshar-checkManifestLockResult.txt",
			);
			runOnlyForDeploymentPostprocessing = 0;
			shellPath = /bin/sh;
			shellScript = "diff \"${PODS_PODFILE_DIR_PATH}/Podfile.lock\" \"${PODS_ROOT}/Manifest.lock\" > /dev/null\nif [ $? != 0 ] ; then\n    # print error to STDERR\n    echo \"error: The sandbox is not in sync with the Podfile.lock. Run 'pod install' or update your CocoaPods installation.\" >&2\n    exit 1\nfi\n# This output is used by Xcode 'outputs' to avoid re-running this script phase.\necho \"SUCCESS\" > \"${SCRIPT_OUTPUT_FILE_0}\"\n";
			showEnvVarsInLog = 0;
		};
		E3EBD6CE740C9ACCA658D478 /* [CP] Embed Pods Frameworks */ = {
			isa = PBXShellScriptBuildPhase;
			buildActionMask = 2147483647;
			files = (
			);
			inputPaths = (
				"${PODS_ROOT}/Target Support Files/Pods-Tupshar-TupsharTests/Pods-Tupshar-TupsharTests-frameworks.sh",
				"${BUILT_PRODUCTS_DIR}/CDKSwiftOracc/CDKSwiftOracc.framework",
			);
			name = "[CP] Embed Pods Frameworks";
			outputPaths = (
				"${TARGET_BUILD_DIR}/${FRAMEWORKS_FOLDER_PATH}/CDKSwiftOracc.framework",
			);
			runOnlyForDeploymentPostprocessing = 0;
			shellPath = /bin/sh;
			shellScript = "\"${PODS_ROOT}/Target Support Files/Pods-Tupshar-TupsharTests/Pods-Tupshar-TupsharTests-frameworks.sh\"\n";
			showEnvVarsInLog = 0;
		};
/* End PBXShellScriptBuildPhase section */

/* Begin PBXSourcesBuildPhase section */
		540F0F052219A33900439C6C /* Sources */ = {
			isa = PBXSourcesBuildPhase;
			buildActionMask = 2147483647;
			files = (
				540F0F0C2219A33900439C6C /* NodeStoreTests.swift in Sources */,
			);
			runOnlyForDeploymentPostprocessing = 0;
		};
		54F54EB720681AE000454079 /* Sources */ = {
			isa = PBXSourcesBuildPhase;
			buildActionMask = 2147483647;
			files = (
				540F0F02221999E300439C6C /* Dictionary+Flattened.swift in Sources */,
				540382BB22156A34003A9881 /* DocumentExports.swift in Sources */,
				54BF1CF2220DCC1C004D890C /* String+ReplaceATF.swift in Sources */,
				54CB5D7A2206147500CCCE0F /* NSViewControllerExtensions.swift in Sources */,
				5472DDAC220C1CFC00C7333F /* ExportedText.swift in Sources */,
				544D3D2A2211B3C50018DE52 /* RawCDLViewController.swift in Sources */,
				54C1B46022186ED90067DAE7 /* Cursor.swift in Sources */,
				54F54EC120681AE000454079 /* TextViewController.swift in Sources */,
				540DD381206A0C4C009E2834 /* EditorViewController.swift in Sources */,
				54F54EBF20681AE000454079 /* AppDelegate.swift in Sources */,
				546404412208AEB7007207E6 /* OraccCDLNode+ExtractLemma.swift in Sources */,
				54F54EC320681AE000454079 /* Document.swift in Sources */,
				54C1B45C221865320067DAE7 /* NodeStoring.swift in Sources */,
				5472DDAE220C1EAA00C7333F /* TupsharFile.swift in Sources */,
				540F0F00221999D100439C6C /* NotificationNames.swift in Sources */,
				549F1DFA220A174900B93E02 /* InfoViewController.swift in Sources */,
				54C1B45E221866AC0067DAE7 /* NodeStore.swift in Sources */,
				5403E9512068D21100EF18CA /* OCDLView.swift in Sources */,
				5472DDB0220C1FC700C7333F /* DocumentError.swift in Sources */,
				540F0F0422199A5400439C6C /* Document+NodeStoring.swift in Sources */,
			);
			runOnlyForDeploymentPostprocessing = 0;
		};
/* End PBXSourcesBuildPhase section */

/* Begin PBXTargetDependency section */
		540F0F0F2219A33A00439C6C /* PBXTargetDependency */ = {
			isa = PBXTargetDependency;
			target = 54F54EBA20681AE000454079 /* Tupshar */;
			targetProxy = 540F0F0E2219A33A00439C6C /* PBXContainerItemProxy */;
		};
/* End PBXTargetDependency section */

/* Begin PBXVariantGroup section */
		54F54EC620681AE000454079 /* Main.storyboard */ = {
			isa = PBXVariantGroup;
			children = (
				54F54EC720681AE000454079 /* Base */,
			);
			name = Main.storyboard;
			sourceTree = "<group>";
		};
/* End PBXVariantGroup section */

/* Begin XCBuildConfiguration section */
		540F0F112219A33A00439C6C /* Debug */ = {
			isa = XCBuildConfiguration;
			baseConfigurationReference = B9720B62F5706FEFFC33CFAE /* Pods-Tupshar-TupsharTests.debug.xcconfig */;
			buildSettings = {
				BUNDLE_LOADER = "$(TEST_HOST)";
				CLANG_ENABLE_OBJC_WEAK = YES;
				CODE_SIGN_IDENTITY = "Mac Developer";
				CODE_SIGN_STYLE = Automatic;
				COMBINE_HIDPI_IMAGES = YES;
				DEVELOPMENT_TEAM = 7C57J6H3NZ;
				INFOPLIST_FILE = TupsharTests/Info.plist;
				LD_RUNPATH_SEARCH_PATHS = "$(inherited) @executable_path/../Frameworks @loader_path/../Frameworks";
				MACOSX_DEPLOYMENT_TARGET = 10.14;
				MTL_ENABLE_DEBUG_INFO = INCLUDE_SOURCE;
				MTL_FAST_MATH = YES;
				PRODUCT_BUNDLE_IDENTIFIER = me.chaidk.TupsharTests;
				PRODUCT_NAME = "$(TARGET_NAME)";
				PROVISIONING_PROFILE_SPECIFIER = "";
				SWIFT_VERSION = 4.2;
				TEST_HOST = "$(BUILT_PRODUCTS_DIR)/Tupshar.app/Contents/MacOS/Tupshar";
			};
			name = Debug;
		};
		540F0F122219A33A00439C6C /* Release */ = {
			isa = XCBuildConfiguration;
			baseConfigurationReference = 191892A7753212F2E210AF17 /* Pods-Tupshar-TupsharTests.release.xcconfig */;
			buildSettings = {
				BUNDLE_LOADER = "$(TEST_HOST)";
				CLANG_ENABLE_OBJC_WEAK = YES;
				CODE_SIGN_IDENTITY = "Mac Developer";
				CODE_SIGN_STYLE = Automatic;
				COMBINE_HIDPI_IMAGES = YES;
				DEVELOPMENT_TEAM = 7C57J6H3NZ;
				INFOPLIST_FILE = TupsharTests/Info.plist;
				LD_RUNPATH_SEARCH_PATHS = "$(inherited) @executable_path/../Frameworks @loader_path/../Frameworks";
				MACOSX_DEPLOYMENT_TARGET = 10.14;
				MTL_FAST_MATH = YES;
				PRODUCT_BUNDLE_IDENTIFIER = me.chaidk.TupsharTests;
				PRODUCT_NAME = "$(TARGET_NAME)";
				PROVISIONING_PROFILE_SPECIFIER = "";
				SWIFT_VERSION = 4.2;
				TEST_HOST = "$(BUILT_PRODUCTS_DIR)/Tupshar.app/Contents/MacOS/Tupshar";
			};
			name = Release;
		};
		54F54ECB20681AE000454079 /* Debug */ = {
			isa = XCBuildConfiguration;
			buildSettings = {
				ALWAYS_SEARCH_USER_PATHS = NO;
				CLANG_ANALYZER_NONNULL = YES;
				CLANG_ANALYZER_NUMBER_OBJECT_CONVERSION = YES_AGGRESSIVE;
				CLANG_CXX_LANGUAGE_STANDARD = "gnu++14";
				CLANG_CXX_LIBRARY = "libc++";
				CLANG_ENABLE_MODULES = YES;
				CLANG_ENABLE_OBJC_ARC = YES;
				CLANG_WARN_BLOCK_CAPTURE_AUTORELEASING = YES;
				CLANG_WARN_BOOL_CONVERSION = YES;
				CLANG_WARN_COMMA = YES;
				CLANG_WARN_CONSTANT_CONVERSION = YES;
				CLANG_WARN_DEPRECATED_OBJC_IMPLEMENTATIONS = YES;
				CLANG_WARN_DIRECT_OBJC_ISA_USAGE = YES_ERROR;
				CLANG_WARN_DOCUMENTATION_COMMENTS = YES;
				CLANG_WARN_EMPTY_BODY = YES;
				CLANG_WARN_ENUM_CONVERSION = YES;
				CLANG_WARN_INFINITE_RECURSION = YES;
				CLANG_WARN_INT_CONVERSION = YES;
				CLANG_WARN_NON_LITERAL_NULL_CONVERSION = YES;
				CLANG_WARN_OBJC_IMPLICIT_RETAIN_SELF = YES;
				CLANG_WARN_OBJC_LITERAL_CONVERSION = YES;
				CLANG_WARN_OBJC_ROOT_CLASS = YES_ERROR;
				CLANG_WARN_RANGE_LOOP_ANALYSIS = YES;
				CLANG_WARN_STRICT_PROTOTYPES = YES;
				CLANG_WARN_SUSPICIOUS_MOVE = YES;
				CLANG_WARN_UNGUARDED_AVAILABILITY = YES_AGGRESSIVE;
				CLANG_WARN_UNREACHABLE_CODE = YES;
				CLANG_WARN__DUPLICATE_METHOD_MATCH = YES;
				CODE_SIGN_IDENTITY = "Mac Developer";
				COPY_PHASE_STRIP = NO;
				DEBUG_INFORMATION_FORMAT = dwarf;
				ENABLE_STRICT_OBJC_MSGSEND = YES;
				ENABLE_TESTABILITY = YES;
				GCC_C_LANGUAGE_STANDARD = gnu11;
				GCC_DYNAMIC_NO_PIC = NO;
				GCC_NO_COMMON_BLOCKS = YES;
				GCC_OPTIMIZATION_LEVEL = 0;
				GCC_PREPROCESSOR_DEFINITIONS = (
					"DEBUG=1",
					"$(inherited)",
				);
				GCC_WARN_64_TO_32_BIT_CONVERSION = YES;
				GCC_WARN_ABOUT_RETURN_TYPE = YES_ERROR;
				GCC_WARN_UNDECLARED_SELECTOR = YES;
				GCC_WARN_UNINITIALIZED_AUTOS = YES_AGGRESSIVE;
				GCC_WARN_UNUSED_FUNCTION = YES;
				GCC_WARN_UNUSED_VARIABLE = YES;
				MACOSX_DEPLOYMENT_TARGET = 10.13;
				MTL_ENABLE_DEBUG_INFO = YES;
				ONLY_ACTIVE_ARCH = YES;
				SDKROOT = macosx;
				SWIFT_ACTIVE_COMPILATION_CONDITIONS = DEBUG;
				SWIFT_OPTIMIZATION_LEVEL = "-Onone";
			};
			name = Debug;
		};
		54F54ECC20681AE000454079 /* Release */ = {
			isa = XCBuildConfiguration;
			buildSettings = {
				ALWAYS_SEARCH_USER_PATHS = NO;
				CLANG_ANALYZER_NONNULL = YES;
				CLANG_ANALYZER_NUMBER_OBJECT_CONVERSION = YES_AGGRESSIVE;
				CLANG_CXX_LANGUAGE_STANDARD = "gnu++14";
				CLANG_CXX_LIBRARY = "libc++";
				CLANG_ENABLE_MODULES = YES;
				CLANG_ENABLE_OBJC_ARC = YES;
				CLANG_WARN_BLOCK_CAPTURE_AUTORELEASING = YES;
				CLANG_WARN_BOOL_CONVERSION = YES;
				CLANG_WARN_COMMA = YES;
				CLANG_WARN_CONSTANT_CONVERSION = YES;
				CLANG_WARN_DEPRECATED_OBJC_IMPLEMENTATIONS = YES;
				CLANG_WARN_DIRECT_OBJC_ISA_USAGE = YES_ERROR;
				CLANG_WARN_DOCUMENTATION_COMMENTS = YES;
				CLANG_WARN_EMPTY_BODY = YES;
				CLANG_WARN_ENUM_CONVERSION = YES;
				CLANG_WARN_INFINITE_RECURSION = YES;
				CLANG_WARN_INT_CONVERSION = YES;
				CLANG_WARN_NON_LITERAL_NULL_CONVERSION = YES;
				CLANG_WARN_OBJC_IMPLICIT_RETAIN_SELF = YES;
				CLANG_WARN_OBJC_LITERAL_CONVERSION = YES;
				CLANG_WARN_OBJC_ROOT_CLASS = YES_ERROR;
				CLANG_WARN_RANGE_LOOP_ANALYSIS = YES;
				CLANG_WARN_STRICT_PROTOTYPES = YES;
				CLANG_WARN_SUSPICIOUS_MOVE = YES;
				CLANG_WARN_UNGUARDED_AVAILABILITY = YES_AGGRESSIVE;
				CLANG_WARN_UNREACHABLE_CODE = YES;
				CLANG_WARN__DUPLICATE_METHOD_MATCH = YES;
				CODE_SIGN_IDENTITY = "Mac Developer";
				COPY_PHASE_STRIP = NO;
				DEBUG_INFORMATION_FORMAT = "dwarf-with-dsym";
				ENABLE_NS_ASSERTIONS = NO;
				ENABLE_STRICT_OBJC_MSGSEND = YES;
				GCC_C_LANGUAGE_STANDARD = gnu11;
				GCC_NO_COMMON_BLOCKS = YES;
				GCC_WARN_64_TO_32_BIT_CONVERSION = YES;
				GCC_WARN_ABOUT_RETURN_TYPE = YES_ERROR;
				GCC_WARN_UNDECLARED_SELECTOR = YES;
				GCC_WARN_UNINITIALIZED_AUTOS = YES_AGGRESSIVE;
				GCC_WARN_UNUSED_FUNCTION = YES;
				GCC_WARN_UNUSED_VARIABLE = YES;
				MACOSX_DEPLOYMENT_TARGET = 10.13;
				MTL_ENABLE_DEBUG_INFO = NO;
				SDKROOT = macosx;
				SWIFT_OPTIMIZATION_LEVEL = "-Owholemodule";
			};
			name = Release;
		};
		54F54ECE20681AE000454079 /* Debug */ = {
			isa = XCBuildConfiguration;
			baseConfigurationReference = 901C19168E8AE9287D47F9D3 /* Pods-Tupshar.debug.xcconfig */;
			buildSettings = {
				ASSETCATALOG_COMPILER_APPICON_NAME = AppIcon;
				CODE_SIGN_ENTITLEMENTS = Tupshar/Tupshar.entitlements;
				CODE_SIGN_IDENTITY = "Mac Developer";
				CODE_SIGN_STYLE = Automatic;
				COMBINE_HIDPI_IMAGES = YES;
				DEVELOPMENT_TEAM = 7C57J6H3NZ;
				ENABLE_HARDENED_RUNTIME = YES;
				INFOPLIST_FILE = Tupshar/Info.plist;
				LD_RUNPATH_SEARCH_PATHS = "$(inherited) @executable_path/../Frameworks";
				PRODUCT_BUNDLE_IDENTIFIER = me.chaidk.Tupshar;
				PRODUCT_NAME = "$(TARGET_NAME)";
				PROVISIONING_PROFILE_SPECIFIER = "";
				SWIFT_VERSION = 4.2;
			};
			name = Debug;
		};
		54F54ECF20681AE000454079 /* Release */ = {
			isa = XCBuildConfiguration;
			baseConfigurationReference = C8B0BBE13B96977857F8CBB6 /* Pods-Tupshar.release.xcconfig */;
			buildSettings = {
				ASSETCATALOG_COMPILER_APPICON_NAME = AppIcon;
				CODE_SIGN_ENTITLEMENTS = Tupshar/Tupshar.entitlements;
				CODE_SIGN_IDENTITY = "Mac Developer";
				CODE_SIGN_STYLE = Automatic;
				COMBINE_HIDPI_IMAGES = YES;
				DEVELOPMENT_TEAM = 7C57J6H3NZ;
				ENABLE_HARDENED_RUNTIME = YES;
				INFOPLIST_FILE = Tupshar/Info.plist;
				LD_RUNPATH_SEARCH_PATHS = "$(inherited) @executable_path/../Frameworks";
				PRODUCT_BUNDLE_IDENTIFIER = me.chaidk.Tupshar;
				PRODUCT_NAME = "$(TARGET_NAME)";
				PROVISIONING_PROFILE_SPECIFIER = "";
				SWIFT_VERSION = 4.2;
			};
			name = Release;
		};
/* End XCBuildConfiguration section */

/* Begin XCConfigurationList section */
		540F0F102219A33A00439C6C /* Build configuration list for PBXNativeTarget "TupsharTests" */ = {
			isa = XCConfigurationList;
			buildConfigurations = (
				540F0F112219A33A00439C6C /* Debug */,
				540F0F122219A33A00439C6C /* Release */,
			);
			defaultConfigurationIsVisible = 0;
			defaultConfigurationName = Release;
		};
		54F54EB620681AE000454079 /* Build configuration list for PBXProject "Tupshar" */ = {
			isa = XCConfigurationList;
			buildConfigurations = (
				54F54ECB20681AE000454079 /* Debug */,
				54F54ECC20681AE000454079 /* Release */,
			);
			defaultConfigurationIsVisible = 0;
			defaultConfigurationName = Release;
		};
		54F54ECD20681AE000454079 /* Build configuration list for PBXNativeTarget "Tupshar" */ = {
			isa = XCConfigurationList;
			buildConfigurations = (
				54F54ECE20681AE000454079 /* Debug */,
				54F54ECF20681AE000454079 /* Release */,
			);
			defaultConfigurationIsVisible = 0;
			defaultConfigurationName = Release;
		};
/* End XCConfigurationList section */
	};
	rootObject = 54F54EB320681AE000454079 /* Project object */;
}
