// !$*UTF8*$!
{
	archiveVersion = 1;
	classes = {
	};
	objectVersion = 48;
	objects = {

/* Begin PBXBuildFile section */
		5403E9512068D21100EF18CA /* OCDLView.swift in Sources */ = {isa = PBXBuildFile; fileRef = 5403E9502068D21100EF18CA /* OCDLView.swift */; };
		5403E9562068E34200EF18CA /* CuneiformNA.ttf in CopyFiles */ = {isa = PBXBuildFile; fileRef = 5403E9542068E30A00EF18CA /* CuneiformNA.ttf */; settings = {ATTRIBUTES = (CodeSignOnCopy, ); }; };
		540DD381206A0C4C009E2834 /* EditorViewController.swift in Sources */ = {isa = PBXBuildFile; fileRef = 540DD380206A0C4C009E2834 /* EditorViewController.swift */; };
		540DD383206A0DC4009E2834 /* OraccCDLNodeEditorExtensions.swift in Sources */ = {isa = PBXBuildFile; fileRef = 540DD382206A0DC4009E2834 /* OraccCDLNodeEditorExtensions.swift */; };
		546D9BF52068283900E0F156 /* Cuneify.swift in Sources */ = {isa = PBXBuildFile; fileRef = 546D9BF42068283900E0F156 /* Cuneify.swift */; };
		54D81F582068F165002B4C5A /* docicon.png in Resources */ = {isa = PBXBuildFile; fileRef = 54D81F512068EF62002B4C5A /* docicon.png */; };
		54F54EBF20681AE000454079 /* AppDelegate.swift in Sources */ = {isa = PBXBuildFile; fileRef = 54F54EBE20681AE000454079 /* AppDelegate.swift */; };
		54F54EC120681AE000454079 /* ViewController.swift in Sources */ = {isa = PBXBuildFile; fileRef = 54F54EC020681AE000454079 /* ViewController.swift */; };
		54F54EC320681AE000454079 /* Document.swift in Sources */ = {isa = PBXBuildFile; fileRef = 54F54EC220681AE000454079 /* Document.swift */; };
		54F54EC520681AE000454079 /* Assets.xcassets in Resources */ = {isa = PBXBuildFile; fileRef = 54F54EC420681AE000454079 /* Assets.xcassets */; };
		54F54EC820681AE000454079 /* Main.storyboard in Resources */ = {isa = PBXBuildFile; fileRef = 54F54EC620681AE000454079 /* Main.storyboard */; };
		54F54ED120681B1200454079 /* OraccJSONtoSwift.framework in Frameworks */ = {isa = PBXBuildFile; fileRef = 54F54ED020681B1200454079 /* OraccJSONtoSwift.framework */; };
		54F54ED220681B1200454079 /* OraccJSONtoSwift.framework in Embed Frameworks */ = {isa = PBXBuildFile; fileRef = 54F54ED020681B1200454079 /* OraccJSONtoSwift.framework */; settings = {ATTRIBUTES = (CodeSignOnCopy, RemoveHeadersOnCopy, ); }; };
		54F54ED420681B1200454079 /* ZIPFoundation.framework in Frameworks */ = {isa = PBXBuildFile; fileRef = 54F54ED320681B1200454079 /* ZIPFoundation.framework */; };
		54F54ED520681B1200454079 /* ZIPFoundation.framework in Embed Frameworks */ = {isa = PBXBuildFile; fileRef = 54F54ED320681B1200454079 /* ZIPFoundation.framework */; settings = {ATTRIBUTES = (CodeSignOnCopy, RemoveHeadersOnCopy, ); }; };
/* End PBXBuildFile section */

/* Begin PBXCopyFilesBuildPhase section */
		5403E9552068E33100EF18CA /* CopyFiles */ = {
			isa = PBXCopyFilesBuildPhase;
			buildActionMask = 2147483647;
			dstPath = fonts;
			dstSubfolderSpec = 7;
			files = (
				5403E9562068E34200EF18CA /* CuneiformNA.ttf in CopyFiles */,
			);
			runOnlyForDeploymentPostprocessing = 0;
		};
		54F54ED620681B1300454079 /* Embed Frameworks */ = {
			isa = PBXCopyFilesBuildPhase;
			buildActionMask = 2147483647;
			dstPath = "";
			dstSubfolderSpec = 10;
			files = (
				54F54ED220681B1200454079 /* OraccJSONtoSwift.framework in Embed Frameworks */,
				54F54ED520681B1200454079 /* ZIPFoundation.framework in Embed Frameworks */,
			);
			name = "Embed Frameworks";
			runOnlyForDeploymentPostprocessing = 0;
		};
/* End PBXCopyFilesBuildPhase section */

/* Begin PBXFileReference section */
		5403E9502068D21100EF18CA /* OCDLView.swift */ = {isa = PBXFileReference; lastKnownFileType = sourcecode.swift; path = OCDLView.swift; sourceTree = "<group>"; };
		5403E9542068E30A00EF18CA /* CuneiformNA.ttf */ = {isa = PBXFileReference; lastKnownFileType = file; path = CuneiformNA.ttf; sourceTree = "<group>"; };
		540DD380206A0C4C009E2834 /* EditorViewController.swift */ = {isa = PBXFileReference; lastKnownFileType = sourcecode.swift; path = EditorViewController.swift; sourceTree = "<group>"; };
		540DD382206A0DC4009E2834 /* OraccCDLNodeEditorExtensions.swift */ = {isa = PBXFileReference; lastKnownFileType = sourcecode.swift; path = OraccCDLNodeEditorExtensions.swift; sourceTree = "<group>"; };
		546D9BF42068283900E0F156 /* Cuneify.swift */ = {isa = PBXFileReference; lastKnownFileType = sourcecode.swift; path = Cuneify.swift; sourceTree = "<group>"; };
		54D81F512068EF62002B4C5A /* docicon.png */ = {isa = PBXFileReference; lastKnownFileType = image.png; path = docicon.png; sourceTree = "<group>"; };
		54F54EBB20681AE000454079 /* Tupshar.app */ = {isa = PBXFileReference; explicitFileType = wrapper.application; includeInIndex = 0; path = Tupshar.app; sourceTree = BUILT_PRODUCTS_DIR; };
		54F54EBE20681AE000454079 /* AppDelegate.swift */ = {isa = PBXFileReference; lastKnownFileType = sourcecode.swift; path = AppDelegate.swift; sourceTree = "<group>"; };
		54F54EC020681AE000454079 /* ViewController.swift */ = {isa = PBXFileReference; lastKnownFileType = sourcecode.swift; path = ViewController.swift; sourceTree = "<group>"; };
		54F54EC220681AE000454079 /* Document.swift */ = {isa = PBXFileReference; lastKnownFileType = sourcecode.swift; path = Document.swift; sourceTree = "<group>"; };
		54F54EC420681AE000454079 /* Assets.xcassets */ = {isa = PBXFileReference; lastKnownFileType = folder.assetcatalog; path = Assets.xcassets; sourceTree = "<group>"; };
		54F54EC720681AE000454079 /* Base */ = {isa = PBXFileReference; lastKnownFileType = file.storyboard; name = Base; path = Base.lproj/Main.storyboard; sourceTree = "<group>"; };
		54F54EC920681AE000454079 /* Info.plist */ = {isa = PBXFileReference; lastKnownFileType = text.plist.xml; path = Info.plist; sourceTree = "<group>"; };
		54F54ECA20681AE000454079 /* Tupshar.entitlements */ = {isa = PBXFileReference; lastKnownFileType = text.plist.entitlements; path = Tupshar.entitlements; sourceTree = "<group>"; };
		54F54ED020681B1200454079 /* OraccJSONtoSwift.framework */ = {isa = PBXFileReference; explicitFileType = wrapper.framework; path = OraccJSONtoSwift.framework; sourceTree = BUILT_PRODUCTS_DIR; };
		54F54ED320681B1200454079 /* ZIPFoundation.framework */ = {isa = PBXFileReference; explicitFileType = wrapper.framework; path = ZIPFoundation.framework; sourceTree = BUILT_PRODUCTS_DIR; };
/* End PBXFileReference section */

/* Begin PBXFrameworksBuildPhase section */
		54F54EB820681AE000454079 /* Frameworks */ = {
			isa = PBXFrameworksBuildPhase;
			buildActionMask = 2147483647;
			files = (
				54F54ED120681B1200454079 /* OraccJSONtoSwift.framework in Frameworks */,
				54F54ED420681B1200454079 /* ZIPFoundation.framework in Frameworks */,
			);
			runOnlyForDeploymentPostprocessing = 0;
		};
/* End PBXFrameworksBuildPhase section */

/* Begin PBXGroup section */
		54D81F552068F0DF002B4C5A /* Resources */ = {
			isa = PBXGroup;
			children = (
				54D81F512068EF62002B4C5A /* docicon.png */,
			);
			path = Resources;
			sourceTree = "<group>";
		};
		54F54EB220681AE000454079 = {
			isa = PBXGroup;
			children = (
				54D81F552068F0DF002B4C5A /* Resources */,
				54F54ED320681B1200454079 /* ZIPFoundation.framework */,
				54F54ED020681B1200454079 /* OraccJSONtoSwift.framework */,
				54F54EBD20681AE000454079 /* Tupshar */,
				54F54EBC20681AE000454079 /* Products */,
			);
			sourceTree = "<group>";
		};
		54F54EBC20681AE000454079 /* Products */ = {
			isa = PBXGroup;
			children = (
				54F54EBB20681AE000454079 /* Tupshar.app */,
			);
			name = Products;
			sourceTree = "<group>";
		};
		54F54EBD20681AE000454079 /* Tupshar */ = {
			isa = PBXGroup;
			children = (
				5403E9542068E30A00EF18CA /* CuneiformNA.ttf */,
				546D9BF42068283900E0F156 /* Cuneify.swift */,
				54F54EBE20681AE000454079 /* AppDelegate.swift */,
				54F54EC020681AE000454079 /* ViewController.swift */,
				540DD382206A0DC4009E2834 /* OraccCDLNodeEditorExtensions.swift */,
				540DD380206A0C4C009E2834 /* EditorViewController.swift */,
				5403E9502068D21100EF18CA /* OCDLView.swift */,
				54F54EC220681AE000454079 /* Document.swift */,
				54F54EC420681AE000454079 /* Assets.xcassets */,
				54F54EC620681AE000454079 /* Main.storyboard */,
				54F54EC920681AE000454079 /* Info.plist */,
				54F54ECA20681AE000454079 /* Tupshar.entitlements */,
			);
			path = Tupshar;
			sourceTree = "<group>";
		};
/* End PBXGroup section */

/* Begin PBXNativeTarget section */
		54F54EBA20681AE000454079 /* Tupshar */ = {
			isa = PBXNativeTarget;
			buildConfigurationList = 54F54ECD20681AE000454079 /* Build configuration list for PBXNativeTarget "Tupshar" */;
			buildPhases = (
				54F54EB720681AE000454079 /* Sources */,
				54F54EB820681AE000454079 /* Frameworks */,
				5403E9552068E33100EF18CA /* CopyFiles */,
				54F54EB920681AE000454079 /* Resources */,
				54F54ED620681B1300454079 /* Embed Frameworks */,
			);
			buildRules = (
			);
			dependencies = (
			);
			name = Tupshar;
			productName = Tupshar;
			productReference = 54F54EBB20681AE000454079 /* Tupshar.app */;
			productType = "com.apple.product-type.application";
		};
/* End PBXNativeTarget section */

/* Begin PBXProject section */
		54F54EB320681AE000454079 /* Project object */ = {
			isa = PBXProject;
			attributes = {
				LastSwiftUpdateCheck = 0920;
				LastUpgradeCheck = 0920;
				ORGANIZATIONNAME = "Chaitanya Kanchan";
				TargetAttributes = {
					54F54EBA20681AE000454079 = {
						CreatedOnToolsVersion = 9.2;
						ProvisioningStyle = Automatic;
						SystemCapabilities = {
							com.apple.Sandbox = {
								enabled = 0;
							};
						};
					};
				};
			};
			buildConfigurationList = 54F54EB620681AE000454079 /* Build configuration list for PBXProject "Tupshar" */;
			compatibilityVersion = "Xcode 8.0";
			developmentRegion = en;
			hasScannedForEncodings = 0;
			knownRegions = (
				en,
				Base,
			);
			mainGroup = 54F54EB220681AE000454079;
			productRefGroup = 54F54EBC20681AE000454079 /* Products */;
			projectDirPath = "";
			projectRoot = "";
			targets = (
				54F54EBA20681AE000454079 /* Tupshar */,
			);
		};
/* End PBXProject section */

/* Begin PBXResourcesBuildPhase section */
		54F54EB920681AE000454079 /* Resources */ = {
			isa = PBXResourcesBuildPhase;
			buildActionMask = 2147483647;
			files = (
				54F54EC520681AE000454079 /* Assets.xcassets in Resources */,
				54F54EC820681AE000454079 /* Main.storyboard in Resources */,
				54D81F582068F165002B4C5A /* docicon.png in Resources */,
			);
			runOnlyForDeploymentPostprocessing = 0;
		};
/* End PBXResourcesBuildPhase section */

/* Begin PBXSourcesBuildPhase section */
		54F54EB720681AE000454079 /* Sources */ = {
			isa = PBXSourcesBuildPhase;
			buildActionMask = 2147483647;
			files = (
				54F54EC120681AE000454079 /* ViewController.swift in Sources */,
				540DD381206A0C4C009E2834 /* EditorViewController.swift in Sources */,
				54F54EBF20681AE000454079 /* AppDelegate.swift in Sources */,
				540DD383206A0DC4009E2834 /* OraccCDLNodeEditorExtensions.swift in Sources */,
				54F54EC320681AE000454079 /* Document.swift in Sources */,
				5403E9512068D21100EF18CA /* OCDLView.swift in Sources */,
				546D9BF52068283900E0F156 /* Cuneify.swift in Sources */,
			);
			runOnlyForDeploymentPostprocessing = 0;
		};
/* End PBXSourcesBuildPhase section */

/* Begin PBXVariantGroup section */
		54F54EC620681AE000454079 /* Main.storyboard */ = {
			isa = PBXVariantGroup;
			children = (
				54F54EC720681AE000454079 /* Base */,
			);
			name = Main.storyboard;
			sourceTree = "<group>";
		};
/* End PBXVariantGroup section */

/* Begin XCBuildConfiguration section */
		54F54ECB20681AE000454079 /* Debug */ = {
			isa = XCBuildConfiguration;
			buildSettings = {
				ALWAYS_SEARCH_USER_PATHS = NO;
				CLANG_ANALYZER_NONNULL = YES;
				CLANG_ANALYZER_NUMBER_OBJECT_CONVERSION = YES_AGGRESSIVE;
				CLANG_CXX_LANGUAGE_STANDARD = "gnu++14";
				CLANG_CXX_LIBRARY = "libc++";
				CLANG_ENABLE_MODULES = YES;
				CLANG_ENABLE_OBJC_ARC = YES;
				CLANG_WARN_BLOCK_CAPTURE_AUTORELEASING = YES;
				CLANG_WARN_BOOL_CONVERSION = YES;
				CLANG_WARN_COMMA = YES;
				CLANG_WARN_CONSTANT_CONVERSION = YES;
				CLANG_WARN_DIRECT_OBJC_ISA_USAGE = YES_ERROR;
				CLANG_WARN_DOCUMENTATION_COMMENTS = YES;
				CLANG_WARN_EMPTY_BODY = YES;
				CLANG_WARN_ENUM_CONVERSION = YES;
				CLANG_WARN_INFINITE_RECURSION = YES;
				CLANG_WARN_INT_CONVERSION = YES;
				CLANG_WARN_NON_LITERAL_NULL_CONVERSION = YES;
				CLANG_WARN_OBJC_LITERAL_CONVERSION = YES;
				CLANG_WARN_OBJC_ROOT_CLASS = YES_ERROR;
				CLANG_WARN_RANGE_LOOP_ANALYSIS = YES;
				CLANG_WARN_STRICT_PROTOTYPES = YES;
				CLANG_WARN_SUSPICIOUS_MOVE = YES;
				CLANG_WARN_UNGUARDED_AVAILABILITY = YES_AGGRESSIVE;
				CLANG_WARN_UNREACHABLE_CODE = YES;
				CLANG_WARN__DUPLICATE_METHOD_MATCH = YES;
				CODE_SIGN_IDENTITY = "Mac Developer";
				COPY_PHASE_STRIP = NO;
				DEBUG_INFORMATION_FORMAT = dwarf;
				ENABLE_STRICT_OBJC_MSGSEND = YES;
				ENABLE_TESTABILITY = YES;
				GCC_C_LANGUAGE_STANDARD = gnu11;
				GCC_DYNAMIC_NO_PIC = NO;
				GCC_NO_COMMON_BLOCKS = YES;
				GCC_OPTIMIZATION_LEVEL = 0;
				GCC_PREPROCESSOR_DEFINITIONS = (
					"DEBUG=1",
					"$(inherited)",
				);
				GCC_WARN_64_TO_32_BIT_CONVERSION = YES;
				GCC_WARN_ABOUT_RETURN_TYPE = YES_ERROR;
				GCC_WARN_UNDECLARED_SELECTOR = YES;
				GCC_WARN_UNINITIALIZED_AUTOS = YES_AGGRESSIVE;
				GCC_WARN_UNUSED_FUNCTION = YES;
				GCC_WARN_UNUSED_VARIABLE = YES;
				MACOSX_DEPLOYMENT_TARGET = 10.13;
				MTL_ENABLE_DEBUG_INFO = YES;
				ONLY_ACTIVE_ARCH = YES;
				SDKROOT = macosx;
				SWIFT_ACTIVE_COMPILATION_CONDITIONS = DEBUG;
				SWIFT_OPTIMIZATION_LEVEL = "-Onone";
			};
			name = Debug;
		};
		54F54ECC20681AE000454079 /* Release */ = {
			isa = XCBuildConfiguration;
			buildSettings = {
				ALWAYS_SEARCH_USER_PATHS = NO;
				CLANG_ANALYZER_NONNULL = YES;
				CLANG_ANALYZER_NUMBER_OBJECT_CONVERSION = YES_AGGRESSIVE;
				CLANG_CXX_LANGUAGE_STANDARD = "gnu++14";
				CLANG_CXX_LIBRARY = "libc++";
				CLANG_ENABLE_MODULES = YES;
				CLANG_ENABLE_OBJC_ARC = YES;
				CLANG_WARN_BLOCK_CAPTURE_AUTORELEASING = YES;
				CLANG_WARN_BOOL_CONVERSION = YES;
				CLANG_WARN_COMMA = YES;
				CLANG_WARN_CONSTANT_CONVERSION = YES;
				CLANG_WARN_DIRECT_OBJC_ISA_USAGE = YES_ERROR;
				CLANG_WARN_DOCUMENTATION_COMMENTS = YES;
				CLANG_WARN_EMPTY_BODY = YES;
				CLANG_WARN_ENUM_CONVERSION = YES;
				CLANG_WARN_INFINITE_RECURSION = YES;
				CLANG_WARN_INT_CONVERSION = YES;
				CLANG_WARN_NON_LITERAL_NULL_CONVERSION = YES;
				CLANG_WARN_OBJC_LITERAL_CONVERSION = YES;
				CLANG_WARN_OBJC_ROOT_CLASS = YES_ERROR;
				CLANG_WARN_RANGE_LOOP_ANALYSIS = YES;
				CLANG_WARN_STRICT_PROTOTYPES = YES;
				CLANG_WARN_SUSPICIOUS_MOVE = YES;
				CLANG_WARN_UNGUARDED_AVAILABILITY = YES_AGGRESSIVE;
				CLANG_WARN_UNREACHABLE_CODE = YES;
				CLANG_WARN__DUPLICATE_METHOD_MATCH = YES;
				CODE_SIGN_IDENTITY = "Mac Developer";
				COPY_PHASE_STRIP = NO;
				DEBUG_INFORMATION_FORMAT = "dwarf-with-dsym";
				ENABLE_NS_ASSERTIONS = NO;
				ENABLE_STRICT_OBJC_MSGSEND = YES;
				GCC_C_LANGUAGE_STANDARD = gnu11;
				GCC_NO_COMMON_BLOCKS = YES;
				GCC_WARN_64_TO_32_BIT_CONVERSION = YES;
				GCC_WARN_ABOUT_RETURN_TYPE = YES_ERROR;
				GCC_WARN_UNDECLARED_SELECTOR = YES;
				GCC_WARN_UNINITIALIZED_AUTOS = YES_AGGRESSIVE;
				GCC_WARN_UNUSED_FUNCTION = YES;
				GCC_WARN_UNUSED_VARIABLE = YES;
				MACOSX_DEPLOYMENT_TARGET = 10.13;
				MTL_ENABLE_DEBUG_INFO = NO;
				SDKROOT = macosx;
				SWIFT_OPTIMIZATION_LEVEL = "-Owholemodule";
			};
			name = Release;
		};
		54F54ECE20681AE000454079 /* Debug */ = {
			isa = XCBuildConfiguration;
			buildSettings = {
				ASSETCATALOG_COMPILER_APPICON_NAME = AppIcon;
				CODE_SIGN_STYLE = Automatic;
				COMBINE_HIDPI_IMAGES = YES;
				DEVELOPMENT_TEAM = E5EXHV7YGE;
				INFOPLIST_FILE = Tupshar/Info.plist;
				LD_RUNPATH_SEARCH_PATHS = "$(inherited) @executable_path/../Frameworks";
				PRODUCT_BUNDLE_IDENTIFIER = com.ckprivate.2018.Tupshar;
				PRODUCT_NAME = "$(TARGET_NAME)";
				SWIFT_VERSION = 4.0;
			};
			name = Debug;
		};
		54F54ECF20681AE000454079 /* Release */ = {
			isa = XCBuildConfiguration;
			buildSettings = {
				ASSETCATALOG_COMPILER_APPICON_NAME = AppIcon;
				CODE_SIGN_STYLE = Automatic;
				COMBINE_HIDPI_IMAGES = YES;
				DEVELOPMENT_TEAM = E5EXHV7YGE;
				INFOPLIST_FILE = Tupshar/Info.plist;
				LD_RUNPATH_SEARCH_PATHS = "$(inherited) @executable_path/../Frameworks";
				PRODUCT_BUNDLE_IDENTIFIER = com.ckprivate.2018.Tupshar;
				PRODUCT_NAME = "$(TARGET_NAME)";
				SWIFT_VERSION = 4.0;
			};
			name = Release;
		};
/* End XCBuildConfiguration section */

/* Begin XCConfigurationList section */
		54F54EB620681AE000454079 /* Build configuration list for PBXProject "Tupshar" */ = {
			isa = XCConfigurationList;
			buildConfigurations = (
				54F54ECB20681AE000454079 /* Debug */,
				54F54ECC20681AE000454079 /* Release */,
			);
			defaultConfigurationIsVisible = 0;
			defaultConfigurationName = Release;
		};
		54F54ECD20681AE000454079 /* Build configuration list for PBXNativeTarget "Tupshar" */ = {
			isa = XCConfigurationList;
			buildConfigurations = (
				54F54ECE20681AE000454079 /* Debug */,
				54F54ECF20681AE000454079 /* Release */,
			);
			defaultConfigurationIsVisible = 0;
			defaultConfigurationName = Release;
		};
/* End XCConfigurationList section */
	};
	rootObject = 54F54EB320681AE000454079 /* Project object */;
}
